// !$*UTF8*$!
{
	archiveVersion = 1;
	classes = {
	};
	objectVersion = 46;
	objects = {

/* Begin PBXBuildFile section */
		64930BF4196B59B300B802E2 /* Localizable.strings in Resources */ = {isa = PBXBuildFile; fileRef = 64930BF6196B59B300B802E2 /* Localizable.strings */; };
		C7B24A6019AFF87200C3FB8D /* SimpleECM Image Processing SDK.bundle in Resources */ = {isa = PBXBuildFile; fileRef = C7B24A5E19AFF87200C3FB8D /* SimpleECM Image Processing SDK.bundle */; };
		C7B24A6119AFF87200C3FB8D /* SimpleECM Image Processing SDK.framework in Frameworks */ = {isa = PBXBuildFile; fileRef = C7B24A5F19AFF87200C3FB8D /* SimpleECM Image Processing SDK.framework */; };
		FD430F8D1948A6B800061D9C /* ImageEditorView.m in Sources */ = {isa = PBXBuildFile; fileRef = FD430F8C1948A6B800061D9C /* ImageEditorView.m */; };
		FD4FDA811949079800E50A54 /* DewarpPointView.m in Sources */ = {isa = PBXBuildFile; fileRef = FD4FDA801949079800E50A54 /* DewarpPointView.m */; };
		FD50FD90195DD2920084429D /* ImageEditor.m in Sources */ = {isa = PBXBuildFile; fileRef = FD50FD8F195DD2920084429D /* ImageEditor.m */; };
		FDA181BD19475B74004D86DF /* Foundation.framework in Frameworks */ = {isa = PBXBuildFile; fileRef = FDA181BC19475B74004D86DF /* Foundation.framework */; };
		FDA181BF19475B74004D86DF /* CoreGraphics.framework in Frameworks */ = {isa = PBXBuildFile; fileRef = FDA181BE19475B74004D86DF /* CoreGraphics.framework */; };
		FDA181C119475B74004D86DF /* UIKit.framework in Frameworks */ = {isa = PBXBuildFile; fileRef = FDA181C019475B74004D86DF /* UIKit.framework */; };
		FDA181C719475B74004D86DF /* InfoPlist.strings in Resources */ = {isa = PBXBuildFile; fileRef = FDA181C519475B74004D86DF /* InfoPlist.strings */; };
		FDA181C919475B74004D86DF /* main.m in Sources */ = {isa = PBXBuildFile; fileRef = FDA181C819475B74004D86DF /* main.m */; };
		FDA181CD19475B74004D86DF /* AppDelegate.m in Sources */ = {isa = PBXBuildFile; fileRef = FDA181CC19475B74004D86DF /* AppDelegate.m */; };
		FDA181D019475B74004D86DF /* Main_iPhone.storyboard in Resources */ = {isa = PBXBuildFile; fileRef = FDA181CE19475B74004D86DF /* Main_iPhone.storyboard */; };
		FDA181D319475B74004D86DF /* Main_iPad.storyboard in Resources */ = {isa = PBXBuildFile; fileRef = FDA181D119475B74004D86DF /* Main_iPad.storyboard */; };
		FDA181D619475B74004D86DF /* ViewController.m in Sources */ = {isa = PBXBuildFile; fileRef = FDA181D519475B74004D86DF /* ViewController.m */; };
		FDA181D819475B74004D86DF /* Images.xcassets in Resources */ = {isa = PBXBuildFile; fileRef = FDA181D719475B74004D86DF /* Images.xcassets */; };
		FDA181DF19475B75004D86DF /* XCTest.framework in Frameworks */ = {isa = PBXBuildFile; fileRef = FDA181DE19475B75004D86DF /* XCTest.framework */; };
		FDA181E019475B75004D86DF /* Foundation.framework in Frameworks */ = {isa = PBXBuildFile; fileRef = FDA181BC19475B74004D86DF /* Foundation.framework */; };
		FDA181E119475B75004D86DF /* UIKit.framework in Frameworks */ = {isa = PBXBuildFile; fileRef = FDA181C019475B74004D86DF /* UIKit.framework */; };
		FDA181E919475B75004D86DF /* InfoPlist.strings in Resources */ = {isa = PBXBuildFile; fileRef = FDA181E719475B75004D86DF /* InfoPlist.strings */; };
		FDA181EB19475B75004D86DF /* SimpleScanTests.m in Sources */ = {isa = PBXBuildFile; fileRef = FDA181EA19475B75004D86DF /* SimpleScanTests.m */; };
		FDA1820719475C64004D86DF /* libc++.dylib in Frameworks */ = {isa = PBXBuildFile; fileRef = FDA1820619475C64004D86DF /* libc++.dylib */; };
		FDA3F9EF196CCC7000235035 /* InformationViewController.m in Sources */ = {isa = PBXBuildFile; fileRef = FDA3F9EE196CCC7000235035 /* InformationViewController.m */; };
/* End PBXBuildFile section */

/* Begin PBXContainerItemProxy section */
		FDA181E219475B75004D86DF /* PBXContainerItemProxy */ = {
			isa = PBXContainerItemProxy;
			containerPortal = FDA181B119475B74004D86DF /* Project object */;
			proxyType = 1;
			remoteGlobalIDString = FDA181B819475B74004D86DF;
			remoteInfo = SimpleScan;
		};
/* End PBXContainerItemProxy section */

/* Begin PBXFileReference section */
		64930BF5196B59B300B802E2 /* en */ = {isa = PBXFileReference; lastKnownFileType = text.plist.strings; name = en; path = en.lproj/Localizable.strings; sourceTree = "<group>"; };
		C7B24A5E19AFF87200C3FB8D /* SimpleECM Image Processing SDK.bundle */ = {isa = PBXFileReference; lastKnownFileType = "wrapper.plug-in"; path = "SimpleECM Image Processing SDK.bundle"; sourceTree = "<group>"; };
		C7B24A5F19AFF87200C3FB8D /* SimpleECM Image Processing SDK.framework */ = {isa = PBXFileReference; lastKnownFileType = wrapper.framework; path = "SimpleECM Image Processing SDK.framework"; sourceTree = "<group>"; };
		FD430F8B1948A6B800061D9C /* ImageEditorView.h */ = {isa = PBXFileReference; fileEncoding = 4; lastKnownFileType = sourcecode.c.h; path = ImageEditorView.h; sourceTree = "<group>"; };
		FD430F8C1948A6B800061D9C /* ImageEditorView.m */ = {isa = PBXFileReference; fileEncoding = 4; lastKnownFileType = sourcecode.c.objc; lineEnding = 0; path = ImageEditorView.m; sourceTree = "<group>"; xcLanguageSpecificationIdentifier = xcode.lang.objc; };
		FD4FDA7F1949079800E50A54 /* DewarpPointView.h */ = {isa = PBXFileReference; fileEncoding = 4; lastKnownFileType = sourcecode.c.h; path = DewarpPointView.h; sourceTree = "<group>"; };
		FD4FDA801949079800E50A54 /* DewarpPointView.m */ = {isa = PBXFileReference; fileEncoding = 4; lastKnownFileType = sourcecode.c.objc; path = DewarpPointView.m; sourceTree = "<group>"; };
		FD50FD8E195DD2920084429D /* ImageEditor.h */ = {isa = PBXFileReference; fileEncoding = 4; lastKnownFileType = sourcecode.c.h; path = ImageEditor.h; sourceTree = "<group>"; };
		FD50FD8F195DD2920084429D /* ImageEditor.m */ = {isa = PBXFileReference; fileEncoding = 4; lastKnownFileType = sourcecode.c.objc; path = ImageEditor.m; sourceTree = "<group>"; };
		FDA181B919475B74004D86DF /* SimpleECMCoreDemo.app */ = {isa = PBXFileReference; explicitFileType = wrapper.application; includeInIndex = 0; path = SimpleECMCoreDemo.app; sourceTree = BUILT_PRODUCTS_DIR; };
		FDA181BC19475B74004D86DF /* Foundation.framework */ = {isa = PBXFileReference; lastKnownFileType = wrapper.framework; name = Foundation.framework; path = System/Library/Frameworks/Foundation.framework; sourceTree = SDKROOT; };
		FDA181BE19475B74004D86DF /* CoreGraphics.framework */ = {isa = PBXFileReference; lastKnownFileType = wrapper.framework; name = CoreGraphics.framework; path = System/Library/Frameworks/CoreGraphics.framework; sourceTree = SDKROOT; };
		FDA181C019475B74004D86DF /* UIKit.framework */ = {isa = PBXFileReference; lastKnownFileType = wrapper.framework; name = UIKit.framework; path = System/Library/Frameworks/UIKit.framework; sourceTree = SDKROOT; };
		FDA181C419475B74004D86DF /* SimpleECMCoreDemo-Info.plist */ = {isa = PBXFileReference; lastKnownFileType = text.plist.xml; path = "SimpleECMCoreDemo-Info.plist"; sourceTree = "<group>"; };
		FDA181C619475B74004D86DF /* en */ = {isa = PBXFileReference; lastKnownFileType = text.plist.strings; name = en; path = en.lproj/InfoPlist.strings; sourceTree = "<group>"; };
		FDA181C819475B74004D86DF /* main.m */ = {isa = PBXFileReference; lastKnownFileType = sourcecode.c.objc; path = main.m; sourceTree = "<group>"; };
		FDA181CA19475B74004D86DF /* SimpleECMCoreDemo-Prefix.pch */ = {isa = PBXFileReference; lastKnownFileType = sourcecode.c.h; path = "SimpleECMCoreDemo-Prefix.pch"; sourceTree = "<group>"; };
		FDA181CB19475B74004D86DF /* AppDelegate.h */ = {isa = PBXFileReference; lastKnownFileType = sourcecode.c.h; path = AppDelegate.h; sourceTree = "<group>"; };
		FDA181CC19475B74004D86DF /* AppDelegate.m */ = {isa = PBXFileReference; lastKnownFileType = sourcecode.c.objc; path = AppDelegate.m; sourceTree = "<group>"; };
		FDA181CF19475B74004D86DF /* Base */ = {isa = PBXFileReference; lastKnownFileType = file.storyboard; name = Base; path = Base.lproj/Main_iPhone.storyboard; sourceTree = "<group>"; };
		FDA181D219475B74004D86DF /* Base */ = {isa = PBXFileReference; lastKnownFileType = file.storyboard; name = Base; path = Base.lproj/Main_iPad.storyboard; sourceTree = "<group>"; };
		FDA181D419475B74004D86DF /* ViewController.h */ = {isa = PBXFileReference; lastKnownFileType = sourcecode.c.h; path = ViewController.h; sourceTree = "<group>"; };
		FDA181D519475B74004D86DF /* ViewController.m */ = {isa = PBXFileReference; lastKnownFileType = sourcecode.c.objc; path = ViewController.m; sourceTree = "<group>"; };
		FDA181D719475B74004D86DF /* Images.xcassets */ = {isa = PBXFileReference; lastKnownFileType = folder.assetcatalog; path = Images.xcassets; sourceTree = "<group>"; };
		FDA181DD19475B75004D86DF /* SimpleECMCoreDemoTests.xctest */ = {isa = PBXFileReference; explicitFileType = wrapper.cfbundle; includeInIndex = 0; path = SimpleECMCoreDemoTests.xctest; sourceTree = BUILT_PRODUCTS_DIR; };
		FDA181DE19475B75004D86DF /* XCTest.framework */ = {isa = PBXFileReference; lastKnownFileType = wrapper.framework; name = XCTest.framework; path = Library/Frameworks/XCTest.framework; sourceTree = DEVELOPER_DIR; };
		FDA181E619475B75004D86DF /* SimpleECMCoreDemoTests-Info.plist */ = {isa = PBXFileReference; lastKnownFileType = text.plist.xml; path = "SimpleECMCoreDemoTests-Info.plist"; sourceTree = "<group>"; };
		FDA181E819475B75004D86DF /* en */ = {isa = PBXFileReference; lastKnownFileType = text.plist.strings; name = en; path = en.lproj/InfoPlist.strings; sourceTree = "<group>"; };
		FDA181EA19475B75004D86DF /* SimpleScanTests.m */ = {isa = PBXFileReference; lastKnownFileType = sourcecode.c.objc; path = SimpleScanTests.m; sourceTree = "<group>"; };
		FDA1820619475C64004D86DF /* libc++.dylib */ = {isa = PBXFileReference; lastKnownFileType = "compiled.mach-o.dylib"; name = "libc++.dylib"; path = "usr/lib/libc++.dylib"; sourceTree = SDKROOT; };
		FDA3F9ED196CCC7000235035 /* InformationViewController.h */ = {isa = PBXFileReference; fileEncoding = 4; lastKnownFileType = sourcecode.c.h; path = InformationViewController.h; sourceTree = "<group>"; };
		FDA3F9EE196CCC7000235035 /* InformationViewController.m */ = {isa = PBXFileReference; fileEncoding = 4; lastKnownFileType = sourcecode.c.objc; path = InformationViewController.m; sourceTree = "<group>"; };
/* End PBXFileReference section */

/* Begin PBXFrameworksBuildPhase section */
		FDA181B619475B74004D86DF /* Frameworks */ = {
			isa = PBXFrameworksBuildPhase;
			buildActionMask = 2147483647;
			files = (
				FDA1820719475C64004D86DF /* libc++.dylib in Frameworks */,
				FDA181BF19475B74004D86DF /* CoreGraphics.framework in Frameworks */,
				C7B24A6119AFF87200C3FB8D /* SimpleECM Image Processing SDK.framework in Frameworks */,
				FDA181C119475B74004D86DF /* UIKit.framework in Frameworks */,
				FDA181BD19475B74004D86DF /* Foundation.framework in Frameworks */,
			);
			runOnlyForDeploymentPostprocessing = 0;
		};
		FDA181DA19475B75004D86DF /* Frameworks */ = {
			isa = PBXFrameworksBuildPhase;
			buildActionMask = 2147483647;
			files = (
				FDA181DF19475B75004D86DF /* XCTest.framework in Frameworks */,
				FDA181E119475B75004D86DF /* UIKit.framework in Frameworks */,
				FDA181E019475B75004D86DF /* Foundation.framework in Frameworks */,
			);
			runOnlyForDeploymentPostprocessing = 0;
		};
/* End PBXFrameworksBuildPhase section */

/* Begin PBXGroup section */
		FD37D2FB195C8008001CD5AF /* Storyboards */ = {
			isa = PBXGroup;
			children = (
				FDA181CE19475B74004D86DF /* Main_iPhone.storyboard */,
				FDA181D119475B74004D86DF /* Main_iPad.storyboard */,
			);
			name = Storyboards;
			sourceTree = "<group>";
		};
		FD37D2FC195C802E001CD5AF /* Model */ = {
			isa = PBXGroup;
			children = (
				FD50FD8E195DD2920084429D /* ImageEditor.h */,
				FD50FD8F195DD2920084429D /* ImageEditor.m */,
			);
			name = Model;
			sourceTree = "<group>";
		};
		FD37D2FD195C8037001CD5AF /* View */ = {
			isa = PBXGroup;
			children = (
				FD430F8B1948A6B800061D9C /* ImageEditorView.h */,
				FD430F8C1948A6B800061D9C /* ImageEditorView.m */,
				FD4FDA7F1949079800E50A54 /* DewarpPointView.h */,
				FD4FDA801949079800E50A54 /* DewarpPointView.m */,
			);
			name = View;
			sourceTree = "<group>";
		};
		FD37D2FE195C8046001CD5AF /* Controller */ = {
			isa = PBXGroup;
			children = (
				FDA181D419475B74004D86DF /* ViewController.h */,
				FDA181D519475B74004D86DF /* ViewController.m */,
				FDA3F9ED196CCC7000235035 /* InformationViewController.h */,
				FDA3F9EE196CCC7000235035 /* InformationViewController.m */,
			);
			name = Controller;
			sourceTree = "<group>";
		};
		FDA181B019475B74004D86DF = {
			isa = PBXGroup;
			children = (
				FDA181C219475B74004D86DF /* SimpleECMCoreDemo */,
				FDA181E419475B75004D86DF /* SimpleECMCoreDemoTests */,
				FDA181BB19475B74004D86DF /* Frameworks */,
				FDA181BA19475B74004D86DF /* Products */,
			);
			sourceTree = "<group>";
		};
		FDA181BA19475B74004D86DF /* Products */ = {
			isa = PBXGroup;
			children = (
				FDA181B919475B74004D86DF /* SimpleECMCoreDemo.app */,
				FDA181DD19475B75004D86DF /* SimpleECMCoreDemoTests.xctest */,
			);
			name = Products;
			sourceTree = "<group>";
		};
		FDA181BB19475B74004D86DF /* Frameworks */ = {
			isa = PBXGroup;
			children = (
				C7B24A5E19AFF87200C3FB8D /* SimpleECM Image Processing SDK.bundle */,
				C7B24A5F19AFF87200C3FB8D /* SimpleECM Image Processing SDK.framework */,
				FDA1820619475C64004D86DF /* libc++.dylib */,
				FDA181BC19475B74004D86DF /* Foundation.framework */,
				FDA181BE19475B74004D86DF /* CoreGraphics.framework */,
				FDA181C019475B74004D86DF /* UIKit.framework */,
				FDA181DE19475B75004D86DF /* XCTest.framework */,
			);
			name = Frameworks;
			sourceTree = "<group>";
		};
		FDA181C219475B74004D86DF /* SimpleECMCoreDemo */ = {
			isa = PBXGroup;
			children = (
				FD37D2FB195C8008001CD5AF /* Storyboards */,
				FDA181CB19475B74004D86DF /* AppDelegate.h */,
				FDA181CC19475B74004D86DF /* AppDelegate.m */,
				FD37D2FE195C8046001CD5AF /* Controller */,
				FD37D2FD195C8037001CD5AF /* View */,
				FD37D2FC195C802E001CD5AF /* Model */,
				FDA181D719475B74004D86DF /* Images.xcassets */,
				FDA181C319475B74004D86DF /* Supporting Files */,
			);
			path = SimpleECMCoreDemo;
			sourceTree = "<group>";
		};
		FDA181C319475B74004D86DF /* Supporting Files */ = {
			isa = PBXGroup;
			children = (
				64930BF6196B59B300B802E2 /* Localizable.strings */,
				FDA181C419475B74004D86DF /* SimpleECMCoreDemo-Info.plist */,
				FDA181C519475B74004D86DF /* InfoPlist.strings */,
				FDA181C819475B74004D86DF /* main.m */,
				FDA181CA19475B74004D86DF /* SimpleECMCoreDemo-Prefix.pch */,
			);
			name = "Supporting Files";
			sourceTree = "<group>";
		};
		FDA181E419475B75004D86DF /* SimpleECMCoreDemoTests */ = {
			isa = PBXGroup;
			children = (
				FDA181EA19475B75004D86DF /* SimpleScanTests.m */,
				FDA181E519475B75004D86DF /* Supporting Files */,
			);
			name = SimpleECMCoreDemoTests;
			path = SimpleECMCoreTests;
			sourceTree = "<group>";
		};
		FDA181E519475B75004D86DF /* Supporting Files */ = {
			isa = PBXGroup;
			children = (
				FDA181E619475B75004D86DF /* SimpleECMCoreDemoTests-Info.plist */,
				FDA181E719475B75004D86DF /* InfoPlist.strings */,
			);
			name = "Supporting Files";
			sourceTree = "<group>";
		};
/* End PBXGroup section */

/* Begin PBXNativeTarget section */
		FDA181B819475B74004D86DF /* SimpleECMCoreDemo */ = {
			isa = PBXNativeTarget;
			buildConfigurationList = FDA181EE19475B75004D86DF /* Build configuration list for PBXNativeTarget "SimpleECMCoreDemo" */;
			buildPhases = (
				FDA181B519475B74004D86DF /* Sources */,
				FDA181B619475B74004D86DF /* Frameworks */,
				FDA181B719475B74004D86DF /* Resources */,
			);
			buildRules = (
			);
			dependencies = (
			);
			name = SimpleECMCoreDemo;
			productName = SimpleScan;
			productReference = FDA181B919475B74004D86DF /* SimpleECMCoreDemo.app */;
			productType = "com.apple.product-type.application";
		};
		FDA181DC19475B75004D86DF /* SimpleECMCoreDemoTests */ = {
			isa = PBXNativeTarget;
			buildConfigurationList = FDA181F119475B75004D86DF /* Build configuration list for PBXNativeTarget "SimpleECMCoreDemoTests" */;
			buildPhases = (
				FDA181D919475B75004D86DF /* Sources */,
				FDA181DA19475B75004D86DF /* Frameworks */,
				FDA181DB19475B75004D86DF /* Resources */,
			);
			buildRules = (
			);
			dependencies = (
				FDA181E319475B75004D86DF /* PBXTargetDependency */,
			);
			name = SimpleECMCoreDemoTests;
			productName = SimpleScanTests;
			productReference = FDA181DD19475B75004D86DF /* SimpleECMCoreDemoTests.xctest */;
			productType = "com.apple.product-type.bundle.unit-test";
		};
/* End PBXNativeTarget section */

/* Begin PBXProject section */
		FDA181B119475B74004D86DF /* Project object */ = {
			isa = PBXProject;
			attributes = {
				LastUpgradeCheck = 0510;
				ORGANIZATIONNAME = "___FULLUSERNAME___";
				TargetAttributes = {
					FDA181DC19475B75004D86DF = {
						TestTargetID = FDA181B819475B74004D86DF;
					};
				};
			};
			buildConfigurationList = FDA181B419475B74004D86DF /* Build configuration list for PBXProject "SimpleECMCoreDemo" */;
			compatibilityVersion = "Xcode 3.2";
			developmentRegion = English;
			hasScannedForEncodings = 0;
			knownRegions = (
				en,
				Base,
			);
			mainGroup = FDA181B019475B74004D86DF;
			productRefGroup = FDA181BA19475B74004D86DF /* Products */;
			projectDirPath = "";
			projectRoot = "";
			targets = (
				FDA181B819475B74004D86DF /* SimpleECMCoreDemo */,
				FDA181DC19475B75004D86DF /* SimpleECMCoreDemoTests */,
			);
		};
/* End PBXProject section */

/* Begin PBXResourcesBuildPhase section */
		FDA181B719475B74004D86DF /* Resources */ = {
			isa = PBXResourcesBuildPhase;
			buildActionMask = 2147483647;
			files = (
				FDA181D319475B74004D86DF /* Main_iPad.storyboard in Resources */,
				FDA181D819475B74004D86DF /* Images.xcassets in Resources */,
				C7B24A6019AFF87200C3FB8D /* SimpleECM Image Processing SDK.bundle in Resources */,
				64930BF4196B59B300B802E2 /* Localizable.strings in Resources */,
				FDA181D019475B74004D86DF /* Main_iPhone.storyboard in Resources */,
				FDA181C719475B74004D86DF /* InfoPlist.strings in Resources */,
			);
			runOnlyForDeploymentPostprocessing = 0;
		};
		FDA181DB19475B75004D86DF /* Resources */ = {
			isa = PBXResourcesBuildPhase;
			buildActionMask = 2147483647;
			files = (
				FDA181E919475B75004D86DF /* InfoPlist.strings in Resources */,
			);
			runOnlyForDeploymentPostprocessing = 0;
		};
/* End PBXResourcesBuildPhase section */

/* Begin PBXSourcesBuildPhase section */
		FDA181B519475B74004D86DF /* Sources */ = {
			isa = PBXSourcesBuildPhase;
			buildActionMask = 2147483647;
			files = (
				FDA181D619475B74004D86DF /* ViewController.m in Sources */,
				FDA181CD19475B74004D86DF /* AppDelegate.m in Sources */,
				FD50FD90195DD2920084429D /* ImageEditor.m in Sources */,
				FD430F8D1948A6B800061D9C /* ImageEditorView.m in Sources */,
				FDA181C919475B74004D86DF /* main.m in Sources */,
				FDA3F9EF196CCC7000235035 /* InformationViewController.m in Sources */,
				FD4FDA811949079800E50A54 /* DewarpPointView.m in Sources */,
			);
			runOnlyForDeploymentPostprocessing = 0;
		};
		FDA181D919475B75004D86DF /* Sources */ = {
			isa = PBXSourcesBuildPhase;
			buildActionMask = 2147483647;
			files = (
				FDA181EB19475B75004D86DF /* SimpleScanTests.m in Sources */,
			);
			runOnlyForDeploymentPostprocessing = 0;
		};
/* End PBXSourcesBuildPhase section */

/* Begin PBXTargetDependency section */
		FDA181E319475B75004D86DF /* PBXTargetDependency */ = {
			isa = PBXTargetDependency;
			target = FDA181B819475B74004D86DF /* SimpleECMCoreDemo */;
			targetProxy = FDA181E219475B75004D86DF /* PBXContainerItemProxy */;
		};
/* End PBXTargetDependency section */

/* Begin PBXVariantGroup section */
		64930BF6196B59B300B802E2 /* Localizable.strings */ = {
			isa = PBXVariantGroup;
			children = (
				64930BF5196B59B300B802E2 /* en */,
			);
			name = Localizable.strings;
			sourceTree = "<group>";
		};
		FDA181C519475B74004D86DF /* InfoPlist.strings */ = {
			isa = PBXVariantGroup;
			children = (
				FDA181C619475B74004D86DF /* en */,
			);
			name = InfoPlist.strings;
			sourceTree = "<group>";
		};
		FDA181CE19475B74004D86DF /* Main_iPhone.storyboard */ = {
			isa = PBXVariantGroup;
			children = (
				FDA181CF19475B74004D86DF /* Base */,
			);
			name = Main_iPhone.storyboard;
			sourceTree = "<group>";
		};
		FDA181D119475B74004D86DF /* Main_iPad.storyboard */ = {
			isa = PBXVariantGroup;
			children = (
				FDA181D219475B74004D86DF /* Base */,
			);
			name = Main_iPad.storyboard;
			sourceTree = "<group>";
		};
		FDA181E719475B75004D86DF /* InfoPlist.strings */ = {
			isa = PBXVariantGroup;
			children = (
				FDA181E819475B75004D86DF /* en */,
			);
			name = InfoPlist.strings;
			sourceTree = "<group>";
		};
/* End PBXVariantGroup section */

/* Begin XCBuildConfiguration section */
		FDA181EC19475B75004D86DF /* Debug */ = {
			isa = XCBuildConfiguration;
			buildSettings = {
				ALWAYS_SEARCH_USER_PATHS = NO;
				CLANG_CXX_LANGUAGE_STANDARD = "gnu++0x";
				CLANG_CXX_LIBRARY = "libc++";
				CLANG_ENABLE_MODULES = YES;
				CLANG_ENABLE_OBJC_ARC = YES;
				CLANG_WARN_BOOL_CONVERSION = YES;
				CLANG_WARN_CONSTANT_CONVERSION = YES;
				CLANG_WARN_DIRECT_OBJC_ISA_USAGE = YES_ERROR;
				CLANG_WARN_EMPTY_BODY = YES;
				CLANG_WARN_ENUM_CONVERSION = YES;
				CLANG_WARN_INT_CONVERSION = YES;
				CLANG_WARN_OBJC_ROOT_CLASS = YES_ERROR;
				CLANG_WARN__DUPLICATE_METHOD_MATCH = YES;
				"CODE_SIGN_IDENTITY[sdk=iphoneos*]" = "iPhone Developer";
				COPY_PHASE_STRIP = NO;
				GCC_C_LANGUAGE_STANDARD = gnu99;
				GCC_DYNAMIC_NO_PIC = NO;
				GCC_OPTIMIZATION_LEVEL = 0;
				GCC_PREPROCESSOR_DEFINITIONS = (
					"DEBUG=1",
					"$(inherited)",
				);
				GCC_SYMBOLS_PRIVATE_EXTERN = NO;
				GCC_WARN_64_TO_32_BIT_CONVERSION = YES;
				GCC_WARN_ABOUT_RETURN_TYPE = YES_ERROR;
				GCC_WARN_UNDECLARED_SELECTOR = YES;
				GCC_WARN_UNINITIALIZED_AUTOS = YES_AGGRESSIVE;
				GCC_WARN_UNUSED_FUNCTION = YES;
				GCC_WARN_UNUSED_VARIABLE = YES;
				IPHONEOS_DEPLOYMENT_TARGET = 7.1;
				ONLY_ACTIVE_ARCH = YES;
				SDKROOT = iphoneos;
				TARGETED_DEVICE_FAMILY = "1,2";
			};
			name = Debug;
		};
		FDA181ED19475B75004D86DF /* Release */ = {
			isa = XCBuildConfiguration;
			buildSettings = {
				ALWAYS_SEARCH_USER_PATHS = NO;
				CLANG_CXX_LANGUAGE_STANDARD = "gnu++0x";
				CLANG_CXX_LIBRARY = "libc++";
				CLANG_ENABLE_MODULES = YES;
				CLANG_ENABLE_OBJC_ARC = YES;
				CLANG_WARN_BOOL_CONVERSION = YES;
				CLANG_WARN_CONSTANT_CONVERSION = YES;
				CLANG_WARN_DIRECT_OBJC_ISA_USAGE = YES_ERROR;
				CLANG_WARN_EMPTY_BODY = YES;
				CLANG_WARN_ENUM_CONVERSION = YES;
				CLANG_WARN_INT_CONVERSION = YES;
				CLANG_WARN_OBJC_ROOT_CLASS = YES_ERROR;
				CLANG_WARN__DUPLICATE_METHOD_MATCH = YES;
				"CODE_SIGN_IDENTITY[sdk=iphoneos*]" = "iPhone Developer";
				COPY_PHASE_STRIP = YES;
				ENABLE_NS_ASSERTIONS = NO;
				GCC_C_LANGUAGE_STANDARD = gnu99;
				GCC_WARN_64_TO_32_BIT_CONVERSION = YES;
				GCC_WARN_ABOUT_RETURN_TYPE = YES_ERROR;
				GCC_WARN_UNDECLARED_SELECTOR = YES;
				GCC_WARN_UNINITIALIZED_AUTOS = YES_AGGRESSIVE;
				GCC_WARN_UNUSED_FUNCTION = YES;
				GCC_WARN_UNUSED_VARIABLE = YES;
				IPHONEOS_DEPLOYMENT_TARGET = 7.1;
				SDKROOT = iphoneos;
				TARGETED_DEVICE_FAMILY = "1,2";
				VALIDATE_PRODUCT = YES;
			};
			name = Release;
		};
		FDA181EF19475B75004D86DF /* Debug */ = {
			isa = XCBuildConfiguration;
			buildSettings = {
				ASSETCATALOG_COMPILER_APPICON_NAME = AppIcon;
				ASSETCATALOG_COMPILER_LAUNCHIMAGE_NAME = LaunchImage;
				FRAMEWORK_SEARCH_PATHS = (
					"$(inherited)",
					"$(PROJECT_DIR)",
				);
				GCC_PRECOMPILE_PREFIX_HEADER = YES;
				GCC_PREFIX_HEADER = "SimpleECMCoreDemo/SimpleECMCoreDemo-Prefix.pch";
				INFOPLIST_FILE = "SimpleECMCoreDemo/SimpleECMCoreDemo-Info.plist";
				PRODUCT_NAME = SimpleECMCoreDemo;
				WRAPPER_EXTENSION = app;
			};
			name = Debug;
		};
		FDA181F019475B75004D86DF /* Release */ = {
			isa = XCBuildConfiguration;
			buildSettings = {
				ASSETCATALOG_COMPILER_APPICON_NAME = AppIcon;
				ASSETCATALOG_COMPILER_LAUNCHIMAGE_NAME = LaunchImage;
				FRAMEWORK_SEARCH_PATHS = (
					"$(inherited)",
					"$(PROJECT_DIR)",
				);
				GCC_PRECOMPILE_PREFIX_HEADER = YES;
				GCC_PREFIX_HEADER = "SimpleECMCoreDemo/SimpleECMCoreDemo-Prefix.pch";
				INFOPLIST_FILE = "SimpleECMCoreDemo/SimpleECMCoreDemo-Info.plist";
				PRODUCT_NAME = SimpleECMCoreDemo;
				WRAPPER_EXTENSION = app;
			};
			name = Release;
		};
		FDA181F219475B75004D86DF /* Debug */ = {
			isa = XCBuildConfiguration;
			buildSettings = {
				BUNDLE_LOADER = "$(BUILT_PRODUCTS_DIR)/SimpleScan.app/SimpleScan";
				FRAMEWORK_SEARCH_PATHS = (
					"$(SDKROOT)/Developer/Library/Frameworks",
					"$(inherited)",
					"$(DEVELOPER_FRAMEWORKS_DIR)",
				);
				GCC_PRECOMPILE_PREFIX_HEADER = YES;
				GCC_PREFIX_HEADER = "SimpleECMCoreDemo/SimpleScan-Prefix.pch";
				GCC_PREPROCESSOR_DEFINITIONS = (
					"DEBUG=1",
					"$(inherited)",
				);
				INFOPLIST_FILE = "SimpleECMCoreDemoTests/SimpleECMCoreDemoTests-Info.plist";
				PRODUCT_NAME = SimpleECMCoreDemoTests;
				TEST_HOST = "$(BUNDLE_LOADER)";
				WRAPPER_EXTENSION = xctest;
			};
			name = Debug;
		};
		FDA181F319475B75004D86DF /* Release */ = {
			isa = XCBuildConfiguration;
			buildSettings = {
				BUNDLE_LOADER = "$(BUILT_PRODUCTS_DIR)/SimpleScan.app/SimpleScan";
				FRAMEWORK_SEARCH_PATHS = (
					"$(SDKROOT)/Developer/Library/Frameworks",
					"$(inherited)",
					"$(DEVELOPER_FRAMEWORKS_DIR)",
				);
				GCC_PRECOMPILE_PREFIX_HEADER = YES;
				GCC_PREFIX_HEADER = "SimpleECMCoreDemo/SimpleScan-Prefix.pch";
				INFOPLIST_FILE = "SimpleECMCoreDemoTests/SimpleECMCoreDemoTests-Info.plist";
				PRODUCT_NAME = SimpleECMCoreDemoTests;
				TEST_HOST = "$(BUNDLE_LOADER)";
				WRAPPER_EXTENSION = xctest;
			};
			name = Release;
		};
/* End XCBuildConfiguration section */

/* Begin XCConfigurationList section */
		FDA181B419475B74004D86DF /* Build configuration list for PBXProject "SimpleECMCoreDemo" */ = {
			isa = XCConfigurationList;
			buildConfigurations = (
				FDA181EC19475B75004D86DF /* Debug */,
				FDA181ED19475B75004D86DF /* Release */,
			);
			defaultConfigurationIsVisible = 0;
			defaultConfigurationName = Release;
		};
		FDA181EE19475B75004D86DF /* Build configuration list for PBXNativeTarget "SimpleECMCoreDemo" */ = {
			isa = XCConfigurationList;
			buildConfigurations = (
				FDA181EF19475B75004D86DF /* Debug */,
				FDA181F019475B75004D86DF /* Release */,
			);
			defaultConfigurationIsVisible = 0;
			defaultConfigurationName = Release;
		};
		FDA181F119475B75004D86DF /* Build configuration list for PBXNativeTarget "SimpleECMCoreDemoTests" */ = {
			isa = XCConfigurationList;
			buildConfigurations = (
				FDA181F219475B75004D86DF /* Debug */,
				FDA181F319475B75004D86DF /* Release */,
			);
			defaultConfigurationIsVisible = 0;
			defaultConfigurationName = Release;
		};
/* End XCConfigurationList section */
	};
	rootObject = FDA181B119475B74004D86DF /* Project object */;
}
